{
  "version": 4,
  "terraform_version": "1.2.5",
  "serial": 35,
  "lineage": "5a315bda-92f7-9a6c-19db-7520ae943a67",
  "outputs": {},
  "resources": [
    {
      "mode": "data",
      "type": "aws_subnet_ids",
      "name": "subnets33",
      "provider": "provider[\"registry.terraform.io/hashicorp/aws\"]",
      "instances": [
        {
          "schema_version": 0,
          "attributes": {
            "filter": null,
            "id": "vpc-01da6c7be6e2d1a07",
            "ids": [
              "subnet-0941bf5eb1f7cebc0",
              "subnet-0f9fb964e14b8fbc7"
            ],
            "tags": null,
            "vpc_id": "vpc-01da6c7be6e2d1a07"
          },
          "sensitive_attributes": []
        }
      ]
    },
    {
      "mode": "data",
      "type": "aws_subnet_ids",
      "name": "subnets66",
      "provider": "provider[\"registry.terraform.io/hashicorp/aws\"]",
      "instances": [
        {
          "schema_version": 0,
          "attributes": {
            "filter": null,
            "id": "vpc-04ef7afd031470723",
            "ids": [
              "subnet-0577c574f98278c14",
              "subnet-0d7216bd9115ae979"
            ],
            "tags": null,
            "vpc_id": "vpc-04ef7afd031470723"
          },
          "sensitive_attributes": []
        }
      ]
    },
    {
      "mode": "data",
      "type": "terraform_remote_state",
      "name": "network33",
      "provider": "provider[\"terraform.io/builtin/terraform\"]",
      "instances": [
        {
          "schema_version": 0,
          "attributes": {
            "backend": "s3",
            "config": {
              "value": {
                "bucket": "bas-demobucket",
                "key": "demo/aws-infrastructure-s3-23622/vpc-resource-tgw33/terraform.tfstate",
                "region": "us-east-1"
              },
              "type": [
                "object",
                {
                  "bucket": "string",
                  "key": "string",
                  "region": "string"
                }
              ]
            },
            "defaults": null,
            "outputs": {
              "value": {
                "aws_internet_gateway_tgw33igw": {
                  "arn": "arn:aws:ec2:us-east-1:411218437052:internet-gateway/igw-0fc2eb702b1533a03",
                  "id": "igw-0fc2eb702b1533a03",
                  "owner_id": "411218437052",
                  "tags": {
                    "Name": "tgw33igw"
                  },
                  "tags_all": {
                    "Name": "tgw33igw"
                  },
                  "vpc_id": "vpc-01da6c7be6e2d1a07"
                },
                "aws_route_table_tgw33rtb_id": "rtb-08132915d873e6b9f",
                "aws_security_group_tgw33sg": "sg-02c88e645ecf2e575",
                "az_private": "us-east-1b",
                "az_public": "us-east-1a",
                "subnet_id_private": "subnet-0941bf5eb1f7cebc0",
                "subnet_id_public": "subnet-0f9fb964e14b8fbc7",
                "subnet_private_cidr_block": "10.33.2.0/24",
                "subnet_public_cidr_block": "10.33.1.0/24",
                "vpc_cidr_bock": "10.33.0.0/16",
                "vpc_id": "vpc-01da6c7be6e2d1a07",
                "vpc_name": "tgw33vpc",
                "vpc_security_group_id": [
                  "sg-02c88e645ecf2e575"
                ]
              },
              "type": [
                "object",
                {
                  "aws_internet_gateway_tgw33igw": [
                    "object",
                    {
                      "arn": "string",
                      "id": "string",
                      "owner_id": "string",
                      "tags": [
                        "map",
                        "string"
                      ],
                      "tags_all": [
                        "map",
                        "string"
                      ],
                      "vpc_id": "string"
                    }
                  ],
                  "aws_route_table_tgw33rtb_id": "string",
                  "aws_security_group_tgw33sg": "string",
                  "az_private": "string",
                  "az_public": "string",
                  "subnet_id_private": "string",
                  "subnet_id_public": "string",
                  "subnet_private_cidr_block": "string",
                  "subnet_public_cidr_block": "string",
                  "vpc_cidr_bock": "string",
                  "vpc_id": "string",
                  "vpc_name": "string",
                  "vpc_security_group_id": [
                    "tuple",
                    [
                      "string"
                    ]
                  ]
                }
              ]
            },
            "workspace": null
          },
          "sensitive_attributes": []
        }
      ]
    },
    {
      "mode": "data",
      "type": "terraform_remote_state",
      "name": "network66",
      "provider": "provider[\"terraform.io/builtin/terraform\"]",
      "instances": [
        {
          "schema_version": 0,
          "attributes": {
            "backend": "s3",
            "config": {
              "value": {
                "bucket": "bas-demobucket",
                "key": "demo/aws-infrastructure-s3-23622/vpc-resource-tgw66/terraform.tfstate",
                "region": "us-east-1"
              },
              "type": [
                "object",
                {
                  "bucket": "string",
                  "key": "string",
                  "region": "string"
                }
              ]
            },
            "defaults": null,
            "outputs": {
              "value": {
                "aws_internet_gateway_tgw66igw": "igw-035d717168e68af4e",
                "aws_route_table_tgw66rtb_id": "rtb-0dcb6f3c39462e4d3",
                "aws_security_group_tgw66sg": "sg-074b7e9508eccc502",
                "az_private": "us-east-1b",
                "az_public": "us-east-1a",
                "subnet_id_private": "subnet-0577c574f98278c14",
                "subnet_id_public": "subnet-0d7216bd9115ae979",
                "subnet_private_cidr_block": "10.66.2.0/24",
                "subnet_public_cidr_block": "10.66.1.0/24",
                "vpc_cidr_bock": "10.66.0.0/16",
                "vpc_id": "vpc-04ef7afd031470723",
                "vpc_name": "tgw66vpc",
                "vpc_security_group_id": [
                  "sg-074b7e9508eccc502"
                ]
              },
              "type": [
                "object",
                {
                  "aws_internet_gateway_tgw66igw": "string",
                  "aws_route_table_tgw66rtb_id": "string",
                  "aws_security_group_tgw66sg": "string",
                  "az_private": "string",
                  "az_public": "string",
                  "subnet_id_private": "string",
                  "subnet_id_public": "string",
                  "subnet_private_cidr_block": "string",
                  "subnet_public_cidr_block": "string",
                  "vpc_cidr_bock": "string",
                  "vpc_id": "string",
                  "vpc_name": "string",
                  "vpc_security_group_id": [
                    "tuple",
                    [
                      "string"
                    ]
                  ]
                }
              ]
            },
            "workspace": null
          },
          "sensitive_attributes": []
        }
      ]
    },
    {
      "mode": "managed",
      "type": "aws_ec2_transit_gateway",
      "name": "tgw3366",
      "provider": "provider[\"registry.terraform.io/hashicorp/aws\"]",
      "instances": [
        {
          "schema_version": 0,
          "attributes": {
            "amazon_side_asn": 64512,
            "arn": "arn:aws:ec2:us-east-1:411218437052:transit-gateway/tgw-02654fd6cb36b4235",
            "association_default_route_table_id": "tgw-rtb-0f6d0c2c1fa05c096",
            "auto_accept_shared_attachments": "disable",
            "default_route_table_association": "enable",
            "default_route_table_propagation": "enable",
            "description": "tgw3366",
            "dns_support": "enable",
            "id": "tgw-02654fd6cb36b4235",
            "owner_id": "411218437052",
            "propagation_default_route_table_id": "tgw-rtb-0f6d0c2c1fa05c096",
            "tags": {
              "Name": "tgw3366"
            },
            "tags_all": {
              "Name": "tgw3366"
            },
            "vpn_ecmp_support": "enable"
          },
          "sensitive_attributes": [],
          "private": "bnVsbA=="
        }
      ]
    },
    {
      "mode": "managed",
      "type": "aws_ec2_transit_gateway_route_table",
      "name": "tgw3366et",
      "provider": "provider[\"registry.terraform.io/hashicorp/aws\"]",
      "instances": [
        {
          "schema_version": 0,
          "attributes": {
            "arn": "arn:aws:ec2:us-east-1:411218437052:transit-gateway-route-table/tgw-rtb-032f1e9df213d0a4f",
            "default_association_route_table": false,
            "default_propagation_route_table": false,
            "id": "tgw-rtb-032f1e9df213d0a4f",
            "tags": {},
            "tags_all": {},
            "transit_gateway_id": "tgw-02654fd6cb36b4235"
          },
          "sensitive_attributes": [],
          "private": "bnVsbA==",
          "dependencies": [
            "aws_ec2_transit_gateway.tgw3366"
          ]
        }
      ]
    },
    {
      "mode": "managed",
      "type": "aws_ec2_transit_gateway_vpc_attachment",
      "name": "tgw33attach",
      "provider": "provider[\"registry.terraform.io/hashicorp/aws\"]",
      "instances": [
        {
          "schema_version": 0,
          "attributes": {
            "appliance_mode_support": "disable",
            "dns_support": "enable",
            "id": "tgw-attach-03eec088dee653968",
            "ipv6_support": "disable",
            "subnet_ids": [
              "subnet-0941bf5eb1f7cebc0",
              "subnet-0f9fb964e14b8fbc7"
            ],
            "tags": {},
            "tags_all": {},
            "transit_gateway_default_route_table_association": true,
            "transit_gateway_default_route_table_propagation": true,
            "transit_gateway_id": "tgw-02654fd6cb36b4235",
            "vpc_id": "vpc-01da6c7be6e2d1a07",
            "vpc_owner_id": "411218437052"
          },
          "sensitive_attributes": [],
          "private": "bnVsbA==",
          "dependencies": [
            "aws_ec2_transit_gateway.tgw3366",
            "data.aws_subnet_ids.subnets33",
            "data.terraform_remote_state.network33"
          ]
        }
      ]
    },
    {
      "mode": "managed",
      "type": "aws_ec2_transit_gateway_vpc_attachment",
      "name": "tgw66attach",
      "provider": "provider[\"registry.terraform.io/hashicorp/aws\"]",
      "instances": [
        {
          "schema_version": 0,
          "attributes": {
            "appliance_mode_support": "disable",
            "dns_support": "enable",
            "id": "tgw-attach-0cbe3998b588db0e2",
            "ipv6_support": "disable",
            "subnet_ids": [
              "subnet-0577c574f98278c14",
              "subnet-0d7216bd9115ae979"
            ],
            "tags": {},
            "tags_all": {},
            "transit_gateway_default_route_table_association": true,
            "transit_gateway_default_route_table_propagation": true,
            "transit_gateway_id": "tgw-02654fd6cb36b4235",
            "vpc_id": "vpc-04ef7afd031470723",
            "vpc_owner_id": "411218437052"
          },
          "sensitive_attributes": [],
          "private": "bnVsbA==",
          "dependencies": [
            "aws_ec2_transit_gateway.tgw3366",
            "data.aws_subnet_ids.subnets66",
            "data.terraform_remote_state.network66"
          ]
        }
      ]
    },
    {
      "mode": "managed",
      "type": "aws_route",
      "name": "r33",
      "provider": "provider[\"registry.terraform.io/hashicorp/aws\"]",
      "instances": [
        {
          "schema_version": 0,
          "attributes": {
            "carrier_gateway_id": "",
            "destination_cidr_block": "10.66.0.0/16",
            "destination_ipv6_cidr_block": "",
            "destination_prefix_list_id": "",
            "egress_only_gateway_id": "",
            "gateway_id": "",
            "id": "r-rtb-08132915d873e6b9f3170539655",
            "instance_id": "",
            "instance_owner_id": "",
            "local_gateway_id": "",
            "nat_gateway_id": "",
            "network_interface_id": "",
            "origin": "CreateRoute",
            "route_table_id": "rtb-08132915d873e6b9f",
            "state": "active",
            "timeouts": null,
            "transit_gateway_id": "tgw-02654fd6cb36b4235",
            "vpc_endpoint_id": "",
            "vpc_peering_connection_id": ""
          },
          "sensitive_attributes": [],
          "private": "eyJlMmJmYjczMC1lY2FhLTExZTYtOGY4OC0zNDM2M2JjN2M0YzAiOnsiY3JlYXRlIjozMDAwMDAwMDAwMDAsImRlbGV0ZSI6MzAwMDAwMDAwMDAwLCJ1cGRhdGUiOjEyMDAwMDAwMDAwMH19",
          "dependencies": [
            "aws_ec2_transit_gateway.tgw3366",
            "data.terraform_remote_state.network33"
          ]
        }
      ]
    },
    {
      "mode": "managed",
      "type": "aws_route",
      "name": "r66",
      "provider": "provider[\"registry.terraform.io/hashicorp/aws\"]",
      "instances": [
        {
          "schema_version": 0,
          "attributes": {
            "carrier_gateway_id": "",
            "destination_cidr_block": "10.33.0.0/16",
            "destination_ipv6_cidr_block": "",
            "destination_prefix_list_id": "",
            "egress_only_gateway_id": "",
            "gateway_id": "",
            "id": "r-rtb-0dcb6f3c39462e4d33196965804",
            "instance_id": "",
            "instance_owner_id": "",
            "local_gateway_id": "",
            "nat_gateway_id": "",
            "network_interface_id": "",
            "origin": "CreateRoute",
            "route_table_id": "rtb-0dcb6f3c39462e4d3",
            "state": "active",
            "timeouts": null,
            "transit_gateway_id": "tgw-02654fd6cb36b4235",
            "vpc_endpoint_id": "",
            "vpc_peering_connection_id": ""
          },
          "sensitive_attributes": [],
          "private": "eyJlMmJmYjczMC1lY2FhLTExZTYtOGY4OC0zNDM2M2JjN2M0YzAiOnsiY3JlYXRlIjozMDAwMDAwMDAwMDAsImRlbGV0ZSI6MzAwMDAwMDAwMDAwLCJ1cGRhdGUiOjEyMDAwMDAwMDAwMH19",
          "dependencies": [
            "aws_ec2_transit_gateway.tgw3366",
            "data.terraform_remote_state.network66"
          ]
        }
      ]
    },
    {
      "mode": "managed",
      "type": "aws_security_group_rule",
      "name": "allow_all33",
      "provider": "provider[\"registry.terraform.io/hashicorp/aws\"]",
      "instances": [
        {
          "schema_version": 2,
          "attributes": {
            "cidr_blocks": [
              "10.33.0.0/16",
              "10.66.0.0/16"
            ],
            "description": "allow all traffic to transit gateway 66",
            "from_port": 0,
            "id": "sgrule-3139809105",
            "ipv6_cidr_blocks": null,
            "prefix_list_ids": null,
            "protocol": "-1",
            "security_group_id": "sg-02c88e645ecf2e575",
            "self": false,
            "source_security_group_id": null,
            "to_port": 0,
            "type": "ingress"
          },
          "sensitive_attributes": [],
          "private": "eyJzY2hlbWFfdmVyc2lvbiI6IjIifQ==",
          "dependencies": [
            "data.terraform_remote_state.network33"
          ]
        }
      ]
    },
    {
      "mode": "managed",
      "type": "aws_security_group_rule",
      "name": "allow_all66",
      "provider": "provider[\"registry.terraform.io/hashicorp/aws\"]",
      "instances": [
        {
          "schema_version": 2,
          "attributes": {
            "cidr_blocks": [
              "10.33.0.0/16",
              "10.66.0.0/16"
            ],
            "description": "allow all traffic to transit gateway 66",
            "from_port": 0,
            "id": "sgrule-4048994427",
            "ipv6_cidr_blocks": null,
            "prefix_list_ids": null,
            "protocol": "-1",
            "security_group_id": "sg-074b7e9508eccc502",
            "self": false,
            "source_security_group_id": null,
            "to_port": 0,
            "type": "ingress"
          },
          "sensitive_attributes": [],
          "private": "eyJzY2hlbWFfdmVyc2lvbiI6IjIifQ==",
          "dependencies": [
            "data.terraform_remote_state.network66"
          ]
        }
      ]
    }
  ]
}
